
Microsoft Visual Studio Solution File, Format Version 12.00
# Visual Studio 15
VisualStudioVersion = 15.0.26730.12
MinimumVisualStudioVersion = 10.0.40219.1
Project("{9A19103F-16F7-4668-BE54-9A1E7A4F7556}") = "PizzeriaDelish", "PizzeriaDelish\PizzeriaDelish.csproj", "{F0413583-6567-47BE-AE69-6AD8824B9878}"
EndProject
Project("{FAE04EC0-301F-11D3-BF4B-00C04F79EFBC}") = "PizzeriaDelishTests", "PizzeriaDelishTests\PizzeriaDelishTests.csproj", "{B9B05959-865E-402F-85DD-D8AF027BB2A2}"
EndProject
Global
	GlobalSection(SolutionConfigurationPlatforms) = preSolution
		Debug|Any CPU = Debug|Any CPU
		Release|Any CPU = Release|Any CPU
	EndGlobalSection
	GlobalSection(ProjectConfigurationPlatforms) = postSolution
		{F0413583-6567-47BE-AE69-6AD8824B9878}.Debug|Any CPU.ActiveCfg = Debug|Any CPU
		{F0413583-6567-47BE-AE69-6AD8824B9878}.Debug|Any CPU.Build.0 = Debug|Any CPU
		{F0413583-6567-47BE-AE69-6AD8824B9878}.Release|Any CPU.ActiveCfg = Release|Any CPU
		{F0413583-6567-47BE-AE69-6AD8824B9878}.Release|Any CPU.Build.0 = Release|Any CPU
		{B9B05959-865E-402F-85DD-D8AF027BB2A2}.Debug|Any CPU.ActiveCfg = Debug|Any CPU
		{B9B05959-865E-402F-85DD-D8AF027BB2A2}.Debug|Any CPU.Build.0 = Debug|Any CPU
		{B9B05959-865E-402F-85DD-D8AF027BB2A2}.Release|Any CPU.ActiveCfg = Release|Any CPU
		{B9B05959-865E-402F-85DD-D8AF027BB2A2}.Release|Any CPU.Build.0 = Release|Any CPU
	EndGlobalSection
	GlobalSection(SolutionProperties) = preSolution
		HideSolutionNode = FALSE
	EndGlobalSection
	GlobalSection(ExtensibilityGlobals) = postSolution
		SolutionGuid = {6AE1F6D6-5CF4-465C-9669-BB2169C0CE9D}
	EndGlobalSection
EndGlobal
